apiVersion: machineconfiguration.openshift.io/v1
kind: MachineConfig
metadata:
  labels:
    machineconfiguration.openshift.io/role: worker
  name: 99-worker-rdma-memlock
spec:
  config:
    ignition:
      version: 3.5.0
    storage:
      files:
        - path: /etc/crio/crio.conf.d/99-memlock.conf
          mode: 0644
          overwrite: true
          contents:
            # [crio.runtime]\n default_ulimits = ["memlock=-1:-1"]
            source: data:text/plain;charset=utf-8;base64,W2NyaW8ucnVudGltZV0KZGVmYXVsdF91bGltaXRzID0gWwogICJtZW1sb2NrPS0xOi0xIgpdCg==
